Microsoft Visual Studio Solution File, Format Version 12.00
# Visual Studio Version 17
VisualStudioVersion = 17.5.2.0
MinimumVisualStudioVersion = 10.0.40219.1
Project("{FAE04EC0-301F-11D3-BF4B-00C04F79EFBC}") = "VelodyneReader", "VelodyneReader\VelodyneReader.csproj", "{351386C0-D3EA-BFD9-C1E4-755B39D4E50E}"
EndProject
Global
	GlobalSection(SolutionConfigurationPlatforms) = preSolution
		Debug|Any CPU = Debug|Any CPU
		Release|Any CPU = Release|Any CPU
	EndGlobalSection
	GlobalSection(ProjectConfigurationPlatforms) = postSolution
		{351386C0-D3EA-BFD9-C1E4-755B39D4E50E}.Debug|Any CPU.ActiveCfg = Debug|Any CPU
		{351386C0-D3EA-BFD9-C1E4-755B39D4E50E}.Debug|Any CPU.Build.0 = Debug|Any CPU
		{351386C0-D3EA-BFD9-C1E4-755B39D4E50E}.Release|Any CPU.ActiveCfg = Release|Any CPU
		{351386C0-D3EA-BFD9-C1E4-755B39D4E50E}.Release|Any CPU.Build.0 = Release|Any CPU
	EndGlobalSection
	GlobalSection(SolutionProperties) = preSolution
		HideSolutionNode = FALSE
	EndGlobalSection
	GlobalSection(ExtensibilityGlobals) = postSolution
		SolutionGuid = {8D22C194-C201-45AA-B7F7-46BDF10B288E}
	EndGlobalSection
EndGlobal
