Microsoft Visual Studio Solution File, Format Version 12.00
# Visual Studio Version 17
VisualStudioVersion = 17.5.2.0
MinimumVisualStudioVersion = 10.0.40219.1
Project("{FAE04EC0-301F-11D3-BF4B-00C04F79EFBC}") = "VelodyneReader", "VelodyneReader.csproj", "{19DBDEDC-A785-D359-68B4-09431B860485}"
EndProject
Global
	GlobalSection(SolutionConfigurationPlatforms) = preSolution
		Debug|Any CPU = Debug|Any CPU
		Release|Any CPU = Release|Any CPU
	EndGlobalSection
	GlobalSection(ProjectConfigurationPlatforms) = postSolution
		{19DBDEDC-A785-D359-68B4-09431B860485}.Debug|Any CPU.ActiveCfg = Debug|Any CPU
		{19DBDEDC-A785-D359-68B4-09431B860485}.Debug|Any CPU.Build.0 = Debug|Any CPU
		{19DBDEDC-A785-D359-68B4-09431B860485}.Release|Any CPU.ActiveCfg = Release|Any CPU
		{19DBDEDC-A785-D359-68B4-09431B860485}.Release|Any CPU.Build.0 = Release|Any CPU
	EndGlobalSection
	GlobalSection(SolutionProperties) = preSolution
		HideSolutionNode = FALSE
	EndGlobalSection
	GlobalSection(ExtensibilityGlobals) = postSolution
		SolutionGuid = {D70BAADD-80C2-49FB-9C24-8C3B678DCC52}
	EndGlobalSection
EndGlobal
